
Microsoft Visual Studio Solution File, Format Version 12.00
Project("{FAE04EC0-301F-11D3-BF4B-00C04F79EFBC}") = "Test", "Test\Test.csproj", "{889E5360-A6FD-4D9B-9FE7-BFACDDDC11AA}"
EndProject
Global
	GlobalSection(SolutionConfigurationPlatforms) = preSolution
		Debug|Any CPU = Debug|Any CPU
		Release|Any CPU = Release|Any CPU
	EndGlobalSection
	GlobalSection(ProjectConfigurationPlatforms) = postSolution
		{889E5360-A6FD-4D9B-9FE7-BFACDDDC11AA}.Debug|Any CPU.ActiveCfg = Debug|Any CPU
		{889E5360-A6FD-4D9B-9FE7-BFACDDDC11AA}.Debug|Any CPU.Build.0 = Debug|Any CPU
		{889E5360-A6FD-4D9B-9FE7-BFACDDDC11AA}.Release|Any CPU.ActiveCfg = Release|Any CPU
		{889E5360-A6FD-4D9B-9FE7-BFACDDDC11AA}.Release|Any CPU.Build.0 = Release|Any CPU
	EndGlobalSection
EndGlobal
